
Microsoft Visual Studio Solution File, Format Version 12.00
# Visual Studio Version 16
VisualStudioVersion = 16.0.31019.35
MinimumVisualStudioVersion = 10.0.40219.1
Project("{8BC9CEB8-8B4A-11D0-8D11-00A0C91BC942}") = "check_anaconda_installed", "check_anaconda_installed\check_anaconda_installed.vcxproj", "{3DBB0AE0-921E-46D3-8A9F-203DC5D7A6B9}"
EndProject
Global
	GlobalSection(SolutionConfigurationPlatforms) = preSolution
		Debug|x64 = Debug|x64
		Debug|x86 = Debug|x86
		Release|x64 = Release|x64
		Release|x86 = Release|x86
	EndGlobalSection
	GlobalSection(ProjectConfigurationPlatforms) = postSolution
		{3DBB0AE0-921E-46D3-8A9F-203DC5D7A6B9}.Debug|x64.ActiveCfg = Debug|x64
		{3DBB0AE0-921E-46D3-8A9F-203DC5D7A6B9}.Debug|x64.Build.0 = Debug|x64
		{3DBB0AE0-921E-46D3-8A9F-203DC5D7A6B9}.Debug|x86.ActiveCfg = Debug|Win32
		{3DBB0AE0-921E-46D3-8A9F-203DC5D7A6B9}.Debug|x86.Build.0 = Debug|Win32
		{3DBB0AE0-921E-46D3-8A9F-203DC5D7A6B9}.Release|x64.ActiveCfg = Release|x64
		{3DBB0AE0-921E-46D3-8A9F-203DC5D7A6B9}.Release|x64.Build.0 = Release|x64
		{3DBB0AE0-921E-46D3-8A9F-203DC5D7A6B9}.Release|x86.ActiveCfg = Release|Win32
		{3DBB0AE0-921E-46D3-8A9F-203DC5D7A6B9}.Release|x86.Build.0 = Release|Win32
	EndGlobalSection
	GlobalSection(SolutionProperties) = preSolution
		HideSolutionNode = FALSE
	EndGlobalSection
	GlobalSection(ExtensibilityGlobals) = postSolution
		SolutionGuid = {56858184-667A-4833-887D-E1F9B507FF1D}
	EndGlobalSection
EndGlobal
